# This file was autogenerated by Stack.
# You should not edit this file by hand.
# For more information, please see the documentation at:
#   https://docs.haskellstack.org/en/stable/lock_files

packages:
- completed:
    hackage: vector-hashtables-0.1.1.1@sha256:cb4ba4af6b83b6956278bbfe8d0f779a40928728e82977e566c0103fe8d6c867,2725
    pantry-tree:
      size: 848
      sha256: 312593e36891e5ee4664e8362551df6111209c5b6b90c6fc44c4517852cbe637
  original:
    hackage: vector-hashtables-0.1.1.1
snapshots:
- completed:
    size: 586923
    url: https://raw.githubusercontent.com/commercialhaskell/stackage-snapshots/master/lts/18/9.yaml
    sha256: 9f9fe35c949414146840a985fb228fd397c504d1781b834bfc9ab935f4d27df6
  original:
    url: https://raw.githubusercontent.com/commercialhaskell/stackage-snapshots/master/lts/18/9.yaml
